
Microsoft Visual Studio Solution File, Format Version 12.00
# Visual Studio 14
VisualStudioVersion = 14.0.25420.1
MinimumVisualStudioVersion = 10.0.40219.1
Project("{8BC9CEB8-8B4A-11D0-8D11-00A0C91BC942}") = "Enemies", "Enemies\Enemies.vcxproj", "{D8441B7F-E8E7-4776-80F5-A9D71ED53ABC}"
EndProject
Project("{8BC9CEB8-8B4A-11D0-8D11-00A0C91BC942}") = "Teoria", "Teoria\Teoria.vcxproj", "{7C3ADC4B-B6FB-4535-B39C-7C6AB7A47458}"
EndProject
Project("{8BC9CEB8-8B4A-11D0-8D11-00A0C91BC942}") = "PlayerRanking", "PlayerRanking\PlayerRanking.vcxproj", "{6F840209-7E06-4E26-9DDD-9CAC0AA60507}"
EndProject
Global
	GlobalSection(SolutionConfigurationPlatforms) = preSolution
		Debug|x64 = Debug|x64
		Debug|x86 = Debug|x86
		Release|x64 = Release|x64
		Release|x86 = Release|x86
	EndGlobalSection
	GlobalSection(ProjectConfigurationPlatforms) = postSolution
		{D8441B7F-E8E7-4776-80F5-A9D71ED53ABC}.Debug|x64.ActiveCfg = Debug|x64
		{D8441B7F-E8E7-4776-80F5-A9D71ED53ABC}.Debug|x64.Build.0 = Debug|x64
		{D8441B7F-E8E7-4776-80F5-A9D71ED53ABC}.Debug|x86.ActiveCfg = Debug|Win32
		{D8441B7F-E8E7-4776-80F5-A9D71ED53ABC}.Debug|x86.Build.0 = Debug|Win32
		{D8441B7F-E8E7-4776-80F5-A9D71ED53ABC}.Release|x64.ActiveCfg = Release|x64
		{D8441B7F-E8E7-4776-80F5-A9D71ED53ABC}.Release|x64.Build.0 = Release|x64
		{D8441B7F-E8E7-4776-80F5-A9D71ED53ABC}.Release|x86.ActiveCfg = Release|Win32
		{D8441B7F-E8E7-4776-80F5-A9D71ED53ABC}.Release|x86.Build.0 = Release|Win32
		{7C3ADC4B-B6FB-4535-B39C-7C6AB7A47458}.Debug|x64.ActiveCfg = Debug|x64
		{7C3ADC4B-B6FB-4535-B39C-7C6AB7A47458}.Debug|x64.Build.0 = Debug|x64
		{7C3ADC4B-B6FB-4535-B39C-7C6AB7A47458}.Debug|x86.ActiveCfg = Debug|Win32
		{7C3ADC4B-B6FB-4535-B39C-7C6AB7A47458}.Debug|x86.Build.0 = Debug|Win32
		{7C3ADC4B-B6FB-4535-B39C-7C6AB7A47458}.Release|x64.ActiveCfg = Release|x64
		{7C3ADC4B-B6FB-4535-B39C-7C6AB7A47458}.Release|x64.Build.0 = Release|x64
		{7C3ADC4B-B6FB-4535-B39C-7C6AB7A47458}.Release|x86.ActiveCfg = Release|Win32
		{7C3ADC4B-B6FB-4535-B39C-7C6AB7A47458}.Release|x86.Build.0 = Release|Win32
		{6F840209-7E06-4E26-9DDD-9CAC0AA60507}.Debug|x64.ActiveCfg = Debug|x64
		{6F840209-7E06-4E26-9DDD-9CAC0AA60507}.Debug|x64.Build.0 = Debug|x64
		{6F840209-7E06-4E26-9DDD-9CAC0AA60507}.Debug|x86.ActiveCfg = Debug|Win32
		{6F840209-7E06-4E26-9DDD-9CAC0AA60507}.Debug|x86.Build.0 = Debug|Win32
		{6F840209-7E06-4E26-9DDD-9CAC0AA60507}.Release|x64.ActiveCfg = Release|x64
		{6F840209-7E06-4E26-9DDD-9CAC0AA60507}.Release|x64.Build.0 = Release|x64
		{6F840209-7E06-4E26-9DDD-9CAC0AA60507}.Release|x86.ActiveCfg = Release|Win32
		{6F840209-7E06-4E26-9DDD-9CAC0AA60507}.Release|x86.Build.0 = Release|Win32
	EndGlobalSection
	GlobalSection(SolutionProperties) = preSolution
		HideSolutionNode = FALSE
	EndGlobalSection
EndGlobal
